Microsoft Visual Studio Solution File, Format Version 12.00
# Visual Studio Version 18
VisualStudioVersion = 18.10.12224.181 stable
MinimumVisualStudioVersion = 10.0.40219.1
Project("{2150E333-8FDC-42A3-9474-1A3956D46DE8}") = "loader", "loader", "{1A2B3C4D-0001-4E5F-8A9B-000000000001}"
EndProject
Project("{2150E333-8FDC-42A3-9474-1A3956D46DE8}") = "mods", "mods", "{1A2B3C4D-0002-4E5F-8A9B-000000000002}"
EndProject
Project("{2150E333-8FDC-42A3-9474-1A3956D46DE8}") = "mcp", "mcp", "{1A2B3C4D-0003-4E5F-8A9B-000000000003}"
EndProject
Project("{2150E333-8FDC-42A3-9474-1A3956D46DE8}") = "tools", "tools", "{1A2B3C4D-0004-4E5F-8A9B-000000000004}"
EndProject
Project("{2150E333-8FDC-42A3-9474-1A3956D46DE8}") = "tests", "tests", "{0AB3BF05-4346-4AA6-1389-037BE0695223}"
EndProject
Project("{8BC9CEB8-8B4A-11D0-8D11-00A0C91BC942}") = "CesiumLoader", "loader\CesiumLoader\CesiumLoader.vcxproj", "{A7B3E5D1-9C2F-4E8B-8D4A-1F3C9B7E5A22}"
EndProject
Project("{FAE04EC0-301F-11D3-BF4B-00C04F79EFBC}") = "CesiumLoader.SDK", "loader\CesiumLoader.SDK\CesiumLoader.SDK.csproj", "{B8C4F6E2-0D3A-5F9C-9E5B-2A4D0C8F6B33}"
EndProject
Project("{FAE04EC0-301F-11D3-BF4B-00C04F79EFBC}") = "CesiumLoader.Bootstrap", "loader\CesiumLoader.Bootstrap\CesiumLoader.Bootstrap.csproj", "{D1A6B4C2-3E5F-7A8B-9C0D-1E2F3A4B5C6D}"
EndProject
Project("{FAE04EC0-301F-11D3-BF4B-00C04F79EFBC}") = "ActivityLogMod", "mods\ActivityLogMod\ActivityLogMod.csproj", "{C9D5A7F3-1E4B-6A0D-0F6C-3B5E1D9A7C44}"
EndProject
Project("{FAE04EC0-301F-11D3-BF4B-00C04F79EFBC}") = "CameraProbeMod", "mods\CameraProbeMod\CameraProbeMod.csproj", "{E2B7C4D8-5A1F-4C3E-9B62-7D8A1E4F2C51}"
EndProject
Project("{FAE04EC0-301F-11D3-BF4B-00C04F79EFBC}") = "FreeCameraMod", "mods\FreeCameraMod\FreeCameraMod.csproj", "{F3C8D5E9-6B2A-4D4F-8C73-8E9B2F5A3D62}"
EndProject
Project("{FAE04EC0-301F-11D3-BF4B-00C04F79EFBC}") = "DiagnosticsMod", "mods\DiagnosticsMod\DiagnosticsMod.csproj", "{A4D9E6FA-7C3B-4E5A-9D84-9FAC3A6B4E73}"
EndProject
Project("{FAE04EC0-301F-11D3-BF4B-00C04F79EFBC}") = "SpeedHackMod", "mods\SpeedHackMod\SpeedHackMod.csproj", "{B5E0F70B-8D4C-4F6B-AE95-A0BD4B7C5F84}"
EndProject
Project("{FAE04EC0-301F-11D3-BF4B-00C04F79EFBC}") = "CombatOddsMod", "mods\CombatOddsMod\CombatOddsMod.csproj", "{0E264984-3809-4086-9C57-7567D84B6925}"
EndProject
Project("{FAE04EC0-301F-11D3-BF4B-00C04F79EFBC}") = "CesiumCli", "tools\cesium\CesiumCli.csproj", "{9C6A52C5-F6E4-4101-B104-90234509D448}"
EndProject
Project("{FAE04EC0-301F-11D3-BF4B-00C04F79EFBC}") = "CombatOddsMod.Tests", "tests\CombatOddsMod.Tests\CombatOddsMod.Tests.csproj", "{E50C4FA7-9D47-4BC6-98B1-8FC082C36F4F}"
EndProject
Project("{FAE04EC0-301F-11D3-BF4B-00C04F79EFBC}") = "AstralParty.AgentMod", "mcp\AstralParty.AgentMod\AstralParty.AgentMod.csproj", "{3F1A7C52-6E8B-4D2A-9F31-8B5E7C9A1D42}"
EndProject
Project("{FAE04EC0-301F-11D3-BF4B-00C04F79EFBC}") = "AstralParty.Mcp.Core", "mcp\AstralParty.Mcp.Core\AstralParty.Mcp.Core.csproj", "{4A2B8D63-7F9C-4E3B-8A42-9C6F8D1B2E53}"
EndProject
Project("{FAE04EC0-301F-11D3-BF4B-00C04F79EFBC}") = "AstralParty.Mcp", "mcp\AstralParty.Mcp\AstralParty.Mcp.csproj", "{5B3C9E74-8A1D-4F4C-9B53-AD7F9E2C3F64}"
EndProject
Project("{FAE04EC0-301F-11D3-BF4B-00C04F79EFBC}") = "AstralParty.AgentMod.Tests", "tests\AstralParty.AgentMod.Tests\AstralParty.AgentMod.Tests.csproj", "{6C4DAF85-9B2E-4A5D-8C64-BE8A1F3D4A75}"
EndProject
Project("{FAE04EC0-301F-11D3-BF4B-00C04F79EFBC}") = "FacingHighlightMod", "mods\FacingHighlightMod\FacingHighlightMod.csproj", "{9A61D47B-2C1E-4F73-9B0C-16A5D8E2F341}"
EndProject
Project("{FAE04EC0-301F-11D3-BF4B-00C04F79EFBC}") = "AstralParty.Mcp.Tests", "tests\AstralParty.Mcp.Tests\AstralParty.Mcp.Tests.csproj", "{A7B34C21-6E92-4D85-8F10-3B5C7E9A2D64}"
EndProject
Project("{FAE04EC0-301F-11D3-BF4B-00C04F79EFBC}") = "ExtremeDifficultyMod", "mods\ExtremeDifficultyMod\ExtremeDifficultyMod.csproj", "{B2C85E73-1A46-4F90-9D31-7E5A2C6B8F04}"
EndProject
Project("{FAE04EC0-301F-11D3-BF4B-00C04F79EFBC}") = "CardSkinMod", "mods\CardSkinMod\CardSkinMod.csproj", "{7D2A4F1B-3E8C-4A59-B61D-9F0E2A4C6B8D}"
EndProject
Project("{FAE04EC0-301F-11D3-BF4B-00C04F79EFBC}") = "CardSkinMod.Tests", "tests\CardSkinMod.Tests\CardSkinMod.Tests.csproj", "{8E3B5A2C-4F9D-4B6A-C72E-0A1F3B5D7C9E}"
EndProject
Global
	GlobalSection(SolutionConfigurationPlatforms) = preSolution
		Debug|Any CPU = Debug|Any CPU
		Debug|x64 = Debug|x64
		Debug|x86 = Debug|x86
		Release|Any CPU = Release|Any CPU
		Release|x64 = Release|x64
		Release|x86 = Release|x86
	EndGlobalSection
	GlobalSection(ProjectConfigurationPlatforms) = postSolution
		{A7B3E5D1-9C2F-4E8B-8D4A-1F3C9B7E5A22}.Debug|Any CPU.ActiveCfg = Debug|x64
		{A7B3E5D1-9C2F-4E8B-8D4A-1F3C9B7E5A22}.Debug|Any CPU.Build.0 = Debug|x64
		{A7B3E5D1-9C2F-4E8B-8D4A-1F3C9B7E5A22}.Debug|x64.ActiveCfg = Debug|x64
		{A7B3E5D1-9C2F-4E8B-8D4A-1F3C9B7E5A22}.Debug|x64.Build.0 = Debug|x64
		{A7B3E5D1-9C2F-4E8B-8D4A-1F3C9B7E5A22}.Debug|x86.ActiveCfg = Debug|Win32
		{A7B3E5D1-9C2F-4E8B-8D4A-1F3C9B7E5A22}.Debug|x86.Build.0 = Debug|Win32
		{A7B3E5D1-9C2F-4E8B-8D4A-1F3C9B7E5A22}.Release|Any CPU.ActiveCfg = Release|x64
		{A7B3E5D1-9C2F-4E8B-8D4A-1F3C9B7E5A22}.Release|Any CPU.Build.0 = Release|x64
		{A7B3E5D1-9C2F-4E8B-8D4A-1F3C9B7E5A22}.Release|x64.ActiveCfg = Release|x64
		{A7B3E5D1-9C2F-4E8B-8D4A-1F3C9B7E5A22}.Release|x64.Build.0 = Release|x64
		{A7B3E5D1-9C2F-4E8B-8D4A-1F3C9B7E5A22}.Release|x86.ActiveCfg = Release|Win32
		{A7B3E5D1-9C2F-4E8B-8D4A-1F3C9B7E5A22}.Release|x86.Build.0 = Release|Win32
		{B8C4F6E2-0D3A-5F9C-9E5B-2A4D0C8F6B33}.Debug|Any CPU.ActiveCfg = Debug|Any CPU
		{B8C4F6E2-0D3A-5F9C-9E5B-2A4D0C8F6B33}.Debug|Any CPU.Build.0 = Debug|Any CPU
		{B8C4F6E2-0D3A-5F9C-9E5B-2A4D0C8F6B33}.Debug|x64.ActiveCfg = Debug|Any CPU
		{B8C4F6E2-0D3A-5F9C-9E5B-2A4D0C8F6B33}.Debug|x64.Build.0 = Debug|Any CPU
		{B8C4F6E2-0D3A-5F9C-9E5B-2A4D0C8F6B33}.Debug|x86.ActiveCfg = Debug|Any CPU
		{B8C4F6E2-0D3A-5F9C-9E5B-2A4D0C8F6B33}.Debug|x86.Build.0 = Debug|Any CPU
		{B8C4F6E2-0D3A-5F9C-9E5B-2A4D0C8F6B33}.Release|Any CPU.ActiveCfg = Release|Any CPU
		{B8C4F6E2-0D3A-5F9C-9E5B-2A4D0C8F6B33}.Release|Any CPU.Build.0 = Release|Any CPU
		{B8C4F6E2-0D3A-5F9C-9E5B-2A4D0C8F6B33}.Release|x64.ActiveCfg = Release|Any CPU
		{B8C4F6E2-0D3A-5F9C-9E5B-2A4D0C8F6B33}.Release|x64.Build.0 = Release|Any CPU
		{B8C4F6E2-0D3A-5F9C-9E5B-2A4D0C8F6B33}.Release|x86.ActiveCfg = Release|Any CPU
		{B8C4F6E2-0D3A-5F9C-9E5B-2A4D0C8F6B33}.Release|x86.Build.0 = Release|Any CPU
		{D1A6B4C2-3E5F-7A8B-9C0D-1E2F3A4B5C6D}.Debug|Any CPU.ActiveCfg = Debug|Any CPU
		{D1A6B4C2-3E5F-7A8B-9C0D-1E2F3A4B5C6D}.Debug|Any CPU.Build.0 = Debug|Any CPU
		{D1A6B4C2-3E5F-7A8B-9C0D-1E2F3A4B5C6D}.Debug|x64.ActiveCfg = Debug|Any CPU
		{D1A6B4C2-3E5F-7A8B-9C0D-1E2F3A4B5C6D}.Debug|x64.Build.0 = Debug|Any CPU
		{D1A6B4C2-3E5F-7A8B-9C0D-1E2F3A4B5C6D}.Debug|x86.ActiveCfg = Debug|Any CPU
		{D1A6B4C2-3E5F-7A8B-9C0D-1E2F3A4B5C6D}.Debug|x86.Build.0 = Debug|Any CPU
		{D1A6B4C2-3E5F-7A8B-9C0D-1E2F3A4B5C6D}.Release|Any CPU.ActiveCfg = Release|Any CPU
		{D1A6B4C2-3E5F-7A8B-9C0D-1E2F3A4B5C6D}.Release|Any CPU.Build.0 = Release|Any CPU
		{D1A6B4C2-3E5F-7A8B-9C0D-1E2F3A4B5C6D}.Release|x64.ActiveCfg = Release|Any CPU
		{D1A6B4C2-3E5F-7A8B-9C0D-1E2F3A4B5C6D}.Release|x64.Build.0 = Release|Any CPU
		{D1A6B4C2-3E5F-7A8B-9C0D-1E2F3A4B5C6D}.Release|x86.ActiveCfg = Release|Any CPU
		{D1A6B4C2-3E5F-7A8B-9C0D-1E2F3A4B5C6D}.Release|x86.Build.0 = Release|Any CPU
		{C9D5A7F3-1E4B-6A0D-0F6C-3B5E1D9A7C44}.Debug|Any CPU.ActiveCfg = Debug|Any CPU
		{C9D5A7F3-1E4B-6A0D-0F6C-3B5E1D9A7C44}.Debug|Any CPU.Build.0 = Debug|Any CPU
		{C9D5A7F3-1E4B-6A0D-0F6C-3B5E1D9A7C44}.Debug|x64.ActiveCfg = Debug|Any CPU
		{C9D5A7F3-1E4B-6A0D-0F6C-3B5E1D9A7C44}.Debug|x64.Build.0 = Debug|Any CPU
		{C9D5A7F3-1E4B-6A0D-0F6C-3B5E1D9A7C44}.Debug|x86.ActiveCfg = Debug|Any CPU
		{C9D5A7F3-1E4B-6A0D-0F6C-3B5E1D9A7C44}.Debug|x86.Build.0 = Debug|Any CPU
		{C9D5A7F3-1E4B-6A0D-0F6C-3B5E1D9A7C44}.Release|Any CPU.ActiveCfg = Release|Any CPU
		{C9D5A7F3-1E4B-6A0D-0F6C-3B5E1D9A7C44}.Release|Any CPU.Build.0 = Release|Any CPU
		{C9D5A7F3-1E4B-6A0D-0F6C-3B5E1D9A7C44}.Release|x64.ActiveCfg = Release|Any CPU
		{C9D5A7F3-1E4B-6A0D-0F6C-3B5E1D9A7C44}.Release|x64.Build.0 = Release|Any CPU
		{C9D5A7F3-1E4B-6A0D-0F6C-3B5E1D9A7C44}.Release|x86.ActiveCfg = Release|Any CPU
		{C9D5A7F3-1E4B-6A0D-0F6C-3B5E1D9A7C44}.Release|x86.Build.0 = Release|Any CPU
		{E2B7C4D8-5A1F-4C3E-9B62-7D8A1E4F2C51}.Debug|Any CPU.ActiveCfg = Debug|Any CPU
		{E2B7C4D8-5A1F-4C3E-9B62-7D8A1E4F2C51}.Debug|Any CPU.Build.0 = Debug|Any CPU
		{E2B7C4D8-5A1F-4C3E-9B62-7D8A1E4F2C51}.Debug|x64.ActiveCfg = Debug|Any CPU
		{E2B7C4D8-5A1F-4C3E-9B62-7D8A1E4F2C51}.Debug|x64.Build.0 = Debug|Any CPU
		{E2B7C4D8-5A1F-4C3E-9B62-7D8A1E4F2C51}.Debug|x86.ActiveCfg = Debug|Any CPU
		{E2B7C4D8-5A1F-4C3E-9B62-7D8A1E4F2C51}.Debug|x86.Build.0 = Debug|Any CPU
		{E2B7C4D8-5A1F-4C3E-9B62-7D8A1E4F2C51}.Release|Any CPU.ActiveCfg = Release|Any CPU
		{E2B7C4D8-5A1F-4C3E-9B62-7D8A1E4F2C51}.Release|Any CPU.Build.0 = Release|Any CPU
		{E2B7C4D8-5A1F-4C3E-9B62-7D8A1E4F2C51}.Release|x64.ActiveCfg = Release|Any CPU
		{E2B7C4D8-5A1F-4C3E-9B62-7D8A1E4F2C51}.Release|x64.Build.0 = Release|Any CPU
		{E2B7C4D8-5A1F-4C3E-9B62-7D8A1E4F2C51}.Release|x86.ActiveCfg = Release|Any CPU
		{E2B7C4D8-5A1F-4C3E-9B62-7D8A1E4F2C51}.Release|x86.Build.0 = Release|Any CPU
		{F3C8D5E9-6B2A-4D4F-8C73-8E9B2F5A3D62}.Debug|Any CPU.ActiveCfg = Debug|Any CPU
		{F3C8D5E9-6B2A-4D4F-8C73-8E9B2F5A3D62}.Debug|Any CPU.Build.0 = Debug|Any CPU
		{F3C8D5E9-6B2A-4D4F-8C73-8E9B2F5A3D62}.Debug|x64.ActiveCfg = Debug|Any CPU
		{F3C8D5E9-6B2A-4D4F-8C73-8E9B2F5A3D62}.Debug|x64.Build.0 = Debug|Any CPU
		{F3C8D5E9-6B2A-4D4F-8C73-8E9B2F5A3D62}.Debug|x86.ActiveCfg = Debug|Any CPU
		{F3C8D5E9-6B2A-4D4F-8C73-8E9B2F5A3D62}.Debug|x86.Build.0 = Debug|Any CPU
		{F3C8D5E9-6B2A-4D4F-8C73-8E9B2F5A3D62}.Release|Any CPU.ActiveCfg = Release|Any CPU
		{F3C8D5E9-6B2A-4D4F-8C73-8E9B2F5A3D62}.Release|Any CPU.Build.0 = Release|Any CPU
		{F3C8D5E9-6B2A-4D4F-8C73-8E9B2F5A3D62}.Release|x64.ActiveCfg = Release|Any CPU
		{F3C8D5E9-6B2A-4D4F-8C73-8E9B2F5A3D62}.Release|x64.Build.0 = Release|Any CPU
		{F3C8D5E9-6B2A-4D4F-8C73-8E9B2F5A3D62}.Release|x86.ActiveCfg = Release|Any CPU
		{F3C8D5E9-6B2A-4D4F-8C73-8E9B2F5A3D62}.Release|x86.Build.0 = Release|Any CPU
		{A4D9E6FA-7C3B-4E5A-9D84-9FAC3A6B4E73}.Debug|Any CPU.ActiveCfg = Debug|Any CPU
		{A4D9E6FA-7C3B-4E5A-9D84-9FAC3A6B4E73}.Debug|Any CPU.Build.0 = Debug|Any CPU
		{A4D9E6FA-7C3B-4E5A-9D84-9FAC3A6B4E73}.Debug|x64.ActiveCfg = Debug|Any CPU
		{A4D9E6FA-7C3B-4E5A-9D84-9FAC3A6B4E73}.Debug|x64.Build.0 = Debug|Any CPU
		{A4D9E6FA-7C3B-4E5A-9D84-9FAC3A6B4E73}.Debug|x86.ActiveCfg = Debug|Any CPU
		{A4D9E6FA-7C3B-4E5A-9D84-9FAC3A6B4E73}.Debug|x86.Build.0 = Debug|Any CPU
		{A4D9E6FA-7C3B-4E5A-9D84-9FAC3A6B4E73}.Release|Any CPU.ActiveCfg = Release|Any CPU
		{A4D9E6FA-7C3B-4E5A-9D84-9FAC3A6B4E73}.Release|Any CPU.Build.0 = Release|Any CPU
		{A4D9E6FA-7C3B-4E5A-9D84-9FAC3A6B4E73}.Release|x64.ActiveCfg = Release|Any CPU
		{A4D9E6FA-7C3B-4E5A-9D84-9FAC3A6B4E73}.Release|x64.Build.0 = Release|Any CPU
		{A4D9E6FA-7C3B-4E5A-9D84-9FAC3A6B4E73}.Release|x86.ActiveCfg = Release|Any CPU
		{A4D9E6FA-7C3B-4E5A-9D84-9FAC3A6B4E73}.Release|x86.Build.0 = Release|Any CPU
		{B5E0F70B-8D4C-4F6B-AE95-A0BD4B7C5F84}.Debug|Any CPU.ActiveCfg = Debug|Any CPU
		{B5E0F70B-8D4C-4F6B-AE95-A0BD4B7C5F84}.Debug|Any CPU.Build.0 = Debug|Any CPU
		{B5E0F70B-8D4C-4F6B-AE95-A0BD4B7C5F84}.Debug|x64.ActiveCfg = Debug|Any CPU
		{B5E0F70B-8D4C-4F6B-AE95-A0BD4B7C5F84}.Debug|x64.Build.0 = Debug|Any CPU
		{B5E0F70B-8D4C-4F6B-AE95-A0BD4B7C5F84}.Debug|x86.ActiveCfg = Debug|Any CPU
		{B5E0F70B-8D4C-4F6B-AE95-A0BD4B7C5F84}.Debug|x86.Build.0 = Debug|Any CPU
		{B5E0F70B-8D4C-4F6B-AE95-A0BD4B7C5F84}.Release|Any CPU.ActiveCfg = Release|Any CPU
		{B5E0F70B-8D4C-4F6B-AE95-A0BD4B7C5F84}.Release|Any CPU.Build.0 = Release|Any CPU
		{B5E0F70B-8D4C-4F6B-AE95-A0BD4B7C5F84}.Release|x64.ActiveCfg = Release|Any CPU
		{B5E0F70B-8D4C-4F6B-AE95-A0BD4B7C5F84}.Release|x64.Build.0 = Release|Any CPU
		{B5E0F70B-8D4C-4F6B-AE95-A0BD4B7C5F84}.Release|x86.ActiveCfg = Release|Any CPU
		{B5E0F70B-8D4C-4F6B-AE95-A0BD4B7C5F84}.Release|x86.Build.0 = Release|Any CPU
		{0E264984-3809-4086-9C57-7567D84B6925}.Debug|Any CPU.ActiveCfg = Debug|Any CPU
		{0E264984-3809-4086-9C57-7567D84B6925}.Debug|Any CPU.Build.0 = Debug|Any CPU
		{0E264984-3809-4086-9C57-7567D84B6925}.Debug|x64.ActiveCfg = Debug|Any CPU
		{0E264984-3809-4086-9C57-7567D84B6925}.Debug|x64.Build.0 = Debug|Any CPU
		{0E264984-3809-4086-9C57-7567D84B6925}.Debug|x86.ActiveCfg = Debug|Any CPU
		{0E264984-3809-4086-9C57-7567D84B6925}.Debug|x86.Build.0 = Debug|Any CPU
		{0E264984-3809-4086-9C57-7567D84B6925}.Release|Any CPU.ActiveCfg = Release|Any CPU
		{0E264984-3809-4086-9C57-7567D84B6925}.Release|Any CPU.Build.0 = Release|Any CPU
		{0E264984-3809-4086-9C57-7567D84B6925}.Release|x64.ActiveCfg = Release|Any CPU
		{0E264984-3809-4086-9C57-7567D84B6925}.Release|x64.Build.0 = Release|Any CPU
		{0E264984-3809-4086-9C57-7567D84B6925}.Release|x86.ActiveCfg = Release|Any CPU
		{0E264984-3809-4086-9C57-7567D84B6925}.Release|x86.Build.0 = Release|Any CPU
		{9C6A52C5-F6E4-4101-B104-90234509D448}.Debug|Any CPU.ActiveCfg = Debug|Any CPU
		{9C6A52C5-F6E4-4101-B104-90234509D448}.Debug|Any CPU.Build.0 = Debug|Any CPU
		{9C6A52C5-F6E4-4101-B104-90234509D448}.Debug|x64.ActiveCfg = Debug|Any CPU
		{9C6A52C5-F6E4-4101-B104-90234509D448}.Debug|x64.Build.0 = Debug|Any CPU
		{9C6A52C5-F6E4-4101-B104-90234509D448}.Debug|x86.ActiveCfg = Debug|Any CPU
		{9C6A52C5-F6E4-4101-B104-90234509D448}.Debug|x86.Build.0 = Debug|Any CPU
		{9C6A52C5-F6E4-4101-B104-90234509D448}.Release|Any CPU.ActiveCfg = Release|Any CPU
		{9C6A52C5-F6E4-4101-B104-90234509D448}.Release|Any CPU.Build.0 = Release|Any CPU
		{9C6A52C5-F6E4-4101-B104-90234509D448}.Release|x64.ActiveCfg = Release|Any CPU
		{9C6A52C5-F6E4-4101-B104-90234509D448}.Release|x64.Build.0 = Release|Any CPU
		{9C6A52C5-F6E4-4101-B104-90234509D448}.Release|x86.ActiveCfg = Release|Any CPU
		{9C6A52C5-F6E4-4101-B104-90234509D448}.Release|x86.Build.0 = Release|Any CPU
		{E50C4FA7-9D47-4BC6-98B1-8FC082C36F4F}.Debug|Any CPU.ActiveCfg = Debug|Any CPU
		{E50C4FA7-9D47-4BC6-98B1-8FC082C36F4F}.Debug|Any CPU.Build.0 = Debug|Any CPU
		{E50C4FA7-9D47-4BC6-98B1-8FC082C36F4F}.Debug|x64.ActiveCfg = Debug|Any CPU
		{E50C4FA7-9D47-4BC6-98B1-8FC082C36F4F}.Debug|x64.Build.0 = Debug|Any CPU
		{E50C4FA7-9D47-4BC6-98B1-8FC082C36F4F}.Debug|x86.ActiveCfg = Debug|Any CPU
		{E50C4FA7-9D47-4BC6-98B1-8FC082C36F4F}.Debug|x86.Build.0 = Debug|Any CPU
		{E50C4FA7-9D47-4BC6-98B1-8FC082C36F4F}.Release|Any CPU.ActiveCfg = Release|Any CPU
		{E50C4FA7-9D47-4BC6-98B1-8FC082C36F4F}.Release|Any CPU.Build.0 = Release|Any CPU
		{E50C4FA7-9D47-4BC6-98B1-8FC082C36F4F}.Release|x64.ActiveCfg = Release|Any CPU
		{E50C4FA7-9D47-4BC6-98B1-8FC082C36F4F}.Release|x64.Build.0 = Release|Any CPU
		{E50C4FA7-9D47-4BC6-98B1-8FC082C36F4F}.Release|x86.ActiveCfg = Release|Any CPU
		{E50C4FA7-9D47-4BC6-98B1-8FC082C36F4F}.Release|x86.Build.0 = Release|Any CPU
		{3F1A7C52-6E8B-4D2A-9F31-8B5E7C9A1D42}.Debug|Any CPU.ActiveCfg = Debug|Any CPU
		{3F1A7C52-6E8B-4D2A-9F31-8B5E7C9A1D42}.Debug|Any CPU.Build.0 = Debug|Any CPU
		{3F1A7C52-6E8B-4D2A-9F31-8B5E7C9A1D42}.Debug|x64.ActiveCfg = Debug|Any CPU
		{3F1A7C52-6E8B-4D2A-9F31-8B5E7C9A1D42}.Debug|x64.Build.0 = Debug|Any CPU
		{3F1A7C52-6E8B-4D2A-9F31-8B5E7C9A1D42}.Debug|x86.ActiveCfg = Debug|Any CPU
		{3F1A7C52-6E8B-4D2A-9F31-8B5E7C9A1D42}.Debug|x86.Build.0 = Debug|Any CPU
		{3F1A7C52-6E8B-4D2A-9F31-8B5E7C9A1D42}.Release|Any CPU.ActiveCfg = Release|Any CPU
		{3F1A7C52-6E8B-4D2A-9F31-8B5E7C9A1D42}.Release|Any CPU.Build.0 = Release|Any CPU
		{3F1A7C52-6E8B-4D2A-9F31-8B5E7C9A1D42}.Release|x64.ActiveCfg = Release|Any CPU
		{3F1A7C52-6E8B-4D2A-9F31-8B5E7C9A1D42}.Release|x64.Build.0 = Release|Any CPU
		{3F1A7C52-6E8B-4D2A-9F31-8B5E7C9A1D42}.Release|x86.ActiveCfg = Release|Any CPU
		{3F1A7C52-6E8B-4D2A-9F31-8B5E7C9A1D42}.Release|x86.Build.0 = Release|Any CPU
		{4A2B8D63-7F9C-4E3B-8A42-9C6F8D1B2E53}.Debug|Any CPU.ActiveCfg = Debug|Any CPU
		{4A2B8D63-7F9C-4E3B-8A42-9C6F8D1B2E53}.Debug|Any CPU.Build.0 = Debug|Any CPU
		{4A2B8D63-7F9C-4E3B-8A42-9C6F8D1B2E53}.Debug|x64.ActiveCfg = Debug|Any CPU
		{4A2B8D63-7F9C-4E3B-8A42-9C6F8D1B2E53}.Debug|x64.Build.0 = Debug|Any CPU
		{4A2B8D63-7F9C-4E3B-8A42-9C6F8D1B2E53}.Debug|x86.ActiveCfg = Debug|Any CPU
		{4A2B8D63-7F9C-4E3B-8A42-9C6F8D1B2E53}.Debug|x86.Build.0 = Debug|Any CPU
		{4A2B8D63-7F9C-4E3B-8A42-9C6F8D1B2E53}.Release|Any CPU.ActiveCfg = Release|Any CPU
		{4A2B8D63-7F9C-4E3B-8A42-9C6F8D1B2E53}.Release|Any CPU.Build.0 = Release|Any CPU
		{4A2B8D63-7F9C-4E3B-8A42-9C6F8D1B2E53}.Release|x64.ActiveCfg = Release|Any CPU
		{4A2B8D63-7F9C-4E3B-8A42-9C6F8D1B2E53}.Release|x64.Build.0 = Release|Any CPU
		{4A2B8D63-7F9C-4E3B-8A42-9C6F8D1B2E53}.Release|x86.ActiveCfg = Release|Any CPU
		{4A2B8D63-7F9C-4E3B-8A42-9C6F8D1B2E53}.Release|x86.Build.0 = Release|Any CPU
		{5B3C9E74-8A1D-4F4C-9B53-AD7F9E2C3F64}.Debug|Any CPU.ActiveCfg = Debug|Any CPU
		{5B3C9E74-8A1D-4F4C-9B53-AD7F9E2C3F64}.Debug|Any CPU.Build.0 = Debug|Any CPU
		{5B3C9E74-8A1D-4F4C-9B53-AD7F9E2C3F64}.Debug|x64.ActiveCfg = Debug|Any CPU
		{5B3C9E74-8A1D-4F4C-9B53-AD7F9E2C3F64}.Debug|x64.Build.0 = Debug|Any CPU
		{5B3C9E74-8A1D-4F4C-9B53-AD7F9E2C3F64}.Debug|x86.ActiveCfg = Debug|Any CPU
		{5B3C9E74-8A1D-4F4C-9B53-AD7F9E2C3F64}.Debug|x86.Build.0 = Debug|Any CPU
		{5B3C9E74-8A1D-4F4C-9B53-AD7F9E2C3F64}.Release|Any CPU.ActiveCfg = Release|Any CPU
		{5B3C9E74-8A1D-4F4C-9B53-AD7F9E2C3F64}.Release|Any CPU.Build.0 = Release|Any CPU
		{5B3C9E74-8A1D-4F4C-9B53-AD7F9E2C3F64}.Release|x64.ActiveCfg = Release|Any CPU
		{5B3C9E74-8A1D-4F4C-9B53-AD7F9E2C3F64}.Release|x64.Build.0 = Release|Any CPU
		{5B3C9E74-8A1D-4F4C-9B53-AD7F9E2C3F64}.Release|x86.ActiveCfg = Release|Any CPU
		{5B3C9E74-8A1D-4F4C-9B53-AD7F9E2C3F64}.Release|x86.Build.0 = Release|Any CPU
		{6C4DAF85-9B2E-4A5D-8C64-BE8A1F3D4A75}.Debug|Any CPU.ActiveCfg = Debug|Any CPU
		{6C4DAF85-9B2E-4A5D-8C64-BE8A1F3D4A75}.Debug|Any CPU.Build.0 = Debug|Any CPU
		{6C4DAF85-9B2E-4A5D-8C64-BE8A1F3D4A75}.Debug|x64.ActiveCfg = Debug|Any CPU
		{6C4DAF85-9B2E-4A5D-8C64-BE8A1F3D4A75}.Debug|x64.Build.0 = Debug|Any CPU
		{6C4DAF85-9B2E-4A5D-8C64-BE8A1F3D4A75}.Debug|x86.ActiveCfg = Debug|Any CPU
		{6C4DAF85-9B2E-4A5D-8C64-BE8A1F3D4A75}.Debug|x86.Build.0 = Debug|Any CPU
		{6C4DAF85-9B2E-4A5D-8C64-BE8A1F3D4A75}.Release|Any CPU.ActiveCfg = Release|Any CPU
		{6C4DAF85-9B2E-4A5D-8C64-BE8A1F3D4A75}.Release|Any CPU.Build.0 = Release|Any CPU
		{6C4DAF85-9B2E-4A5D-8C64-BE8A1F3D4A75}.Release|x64.ActiveCfg = Release|Any CPU
		{6C4DAF85-9B2E-4A5D-8C64-BE8A1F3D4A75}.Release|x64.Build.0 = Release|Any CPU
		{6C4DAF85-9B2E-4A5D-8C64-BE8A1F3D4A75}.Release|x86.ActiveCfg = Release|Any CPU
		{6C4DAF85-9B2E-4A5D-8C64-BE8A1F3D4A75}.Release|x86.Build.0 = Release|Any CPU
		{9A61D47B-2C1E-4F73-9B0C-16A5D8E2F341}.Debug|Any CPU.ActiveCfg = Debug|Any CPU
		{9A61D47B-2C1E-4F73-9B0C-16A5D8E2F341}.Debug|Any CPU.Build.0 = Debug|Any CPU
		{9A61D47B-2C1E-4F73-9B0C-16A5D8E2F341}.Debug|x64.ActiveCfg = Debug|Any CPU
		{9A61D47B-2C1E-4F73-9B0C-16A5D8E2F341}.Debug|x64.Build.0 = Debug|Any CPU
		{9A61D47B-2C1E-4F73-9B0C-16A5D8E2F341}.Debug|x86.ActiveCfg = Debug|Any CPU
		{9A61D47B-2C1E-4F73-9B0C-16A5D8E2F341}.Debug|x86.Build.0 = Debug|Any CPU
		{9A61D47B-2C1E-4F73-9B0C-16A5D8E2F341}.Release|Any CPU.ActiveCfg = Release|Any CPU
		{9A61D47B-2C1E-4F73-9B0C-16A5D8E2F341}.Release|Any CPU.Build.0 = Release|Any CPU
		{9A61D47B-2C1E-4F73-9B0C-16A5D8E2F341}.Release|x64.ActiveCfg = Release|Any CPU
		{9A61D47B-2C1E-4F73-9B0C-16A5D8E2F341}.Release|x64.Build.0 = Release|Any CPU
		{9A61D47B-2C1E-4F73-9B0C-16A5D8E2F341}.Release|x86.ActiveCfg = Release|Any CPU
		{9A61D47B-2C1E-4F73-9B0C-16A5D8E2F341}.Release|x86.Build.0 = Release|Any CPU
		{A7B34C21-6E92-4D85-8F10-3B5C7E9A2D64}.Debug|Any CPU.ActiveCfg = Debug|Any CPU
		{A7B34C21-6E92-4D85-8F10-3B5C7E9A2D64}.Debug|Any CPU.Build.0 = Debug|Any CPU
		{A7B34C21-6E92-4D85-8F10-3B5C7E9A2D64}.Debug|x64.ActiveCfg = Debug|Any CPU
		{A7B34C21-6E92-4D85-8F10-3B5C7E9A2D64}.Debug|x64.Build.0 = Debug|Any CPU
		{A7B34C21-6E92-4D85-8F10-3B5C7E9A2D64}.Debug|x86.ActiveCfg = Debug|Any CPU
		{A7B34C21-6E92-4D85-8F10-3B5C7E9A2D64}.Debug|x86.Build.0 = Debug|Any CPU
		{A7B34C21-6E92-4D85-8F10-3B5C7E9A2D64}.Release|Any CPU.ActiveCfg = Release|Any CPU
		{A7B34C21-6E92-4D85-8F10-3B5C7E9A2D64}.Release|Any CPU.Build.0 = Release|Any CPU
		{A7B34C21-6E92-4D85-8F10-3B5C7E9A2D64}.Release|x64.ActiveCfg = Release|Any CPU
		{A7B34C21-6E92-4D85-8F10-3B5C7E9A2D64}.Release|x64.Build.0 = Release|Any CPU
		{A7B34C21-6E92-4D85-8F10-3B5C7E9A2D64}.Release|x86.ActiveCfg = Release|Any CPU
		{A7B34C21-6E92-4D85-8F10-3B5C7E9A2D64}.Release|x86.Build.0 = Release|Any CPU
		{B2C85E73-1A46-4F90-9D31-7E5A2C6B8F04}.Debug|Any CPU.ActiveCfg = Debug|Any CPU
		{B2C85E73-1A46-4F90-9D31-7E5A2C6B8F04}.Debug|Any CPU.Build.0 = Debug|Any CPU
		{B2C85E73-1A46-4F90-9D31-7E5A2C6B8F04}.Debug|x64.ActiveCfg = Debug|Any CPU
		{B2C85E73-1A46-4F90-9D31-7E5A2C6B8F04}.Debug|x64.Build.0 = Debug|Any CPU
		{B2C85E73-1A46-4F90-9D31-7E5A2C6B8F04}.Debug|x86.ActiveCfg = Debug|Any CPU
		{B2C85E73-1A46-4F90-9D31-7E5A2C6B8F04}.Debug|x86.Build.0 = Debug|Any CPU
		{B2C85E73-1A46-4F90-9D31-7E5A2C6B8F04}.Release|Any CPU.ActiveCfg = Release|Any CPU
		{B2C85E73-1A46-4F90-9D31-7E5A2C6B8F04}.Release|Any CPU.Build.0 = Release|Any CPU
		{B2C85E73-1A46-4F90-9D31-7E5A2C6B8F04}.Release|x64.ActiveCfg = Release|Any CPU
		{B2C85E73-1A46-4F90-9D31-7E5A2C6B8F04}.Release|x64.Build.0 = Release|Any CPU
		{B2C85E73-1A46-4F90-9D31-7E5A2C6B8F04}.Release|x86.ActiveCfg = Release|Any CPU
		{B2C85E73-1A46-4F90-9D31-7E5A2C6B8F04}.Release|x86.Build.0 = Release|Any CPU
		{7D2A4F1B-3E8C-4A59-B61D-9F0E2A4C6B8D}.Debug|Any CPU.ActiveCfg = Debug|Any CPU
		{7D2A4F1B-3E8C-4A59-B61D-9F0E2A4C6B8D}.Debug|Any CPU.Build.0 = Debug|Any CPU
		{7D2A4F1B-3E8C-4A59-B61D-9F0E2A4C6B8D}.Debug|x64.ActiveCfg = Debug|Any CPU
		{7D2A4F1B-3E8C-4A59-B61D-9F0E2A4C6B8D}.Debug|x64.Build.0 = Debug|Any CPU
		{7D2A4F1B-3E8C-4A59-B61D-9F0E2A4C6B8D}.Debug|x86.ActiveCfg = Debug|Any CPU
		{7D2A4F1B-3E8C-4A59-B61D-9F0E2A4C6B8D}.Debug|x86.Build.0 = Debug|Any CPU
		{7D2A4F1B-3E8C-4A59-B61D-9F0E2A4C6B8D}.Release|Any CPU.ActiveCfg = Release|Any CPU
		{7D2A4F1B-3E8C-4A59-B61D-9F0E2A4C6B8D}.Release|Any CPU.Build.0 = Release|Any CPU
		{7D2A4F1B-3E8C-4A59-B61D-9F0E2A4C6B8D}.Release|x64.ActiveCfg = Release|Any CPU
		{7D2A4F1B-3E8C-4A59-B61D-9F0E2A4C6B8D}.Release|x64.Build.0 = Release|Any CPU
		{7D2A4F1B-3E8C-4A59-B61D-9F0E2A4C6B8D}.Release|x86.ActiveCfg = Release|Any CPU
		{7D2A4F1B-3E8C-4A59-B61D-9F0E2A4C6B8D}.Release|x86.Build.0 = Release|Any CPU
		{8E3B5A2C-4F9D-4B6A-C72E-0A1F3B5D7C9E}.Debug|Any CPU.ActiveCfg = Debug|Any CPU
		{8E3B5A2C-4F9D-4B6A-C72E-0A1F3B5D7C9E}.Debug|Any CPU.Build.0 = Debug|Any CPU
		{8E3B5A2C-4F9D-4B6A-C72E-0A1F3B5D7C9E}.Debug|x64.ActiveCfg = Debug|Any CPU
		{8E3B5A2C-4F9D-4B6A-C72E-0A1F3B5D7C9E}.Debug|x64.Build.0 = Debug|Any CPU
		{8E3B5A2C-4F9D-4B6A-C72E-0A1F3B5D7C9E}.Debug|x86.ActiveCfg = Debug|Any CPU
		{8E3B5A2C-4F9D-4B6A-C72E-0A1F3B5D7C9E}.Debug|x86.Build.0 = Debug|Any CPU
		{8E3B5A2C-4F9D-4B6A-C72E-0A1F3B5D7C9E}.Release|Any CPU.ActiveCfg = Release|Any CPU
		{8E3B5A2C-4F9D-4B6A-C72E-0A1F3B5D7C9E}.Release|Any CPU.Build.0 = Release|Any CPU
		{8E3B5A2C-4F9D-4B6A-C72E-0A1F3B5D7C9E}.Release|x64.ActiveCfg = Release|Any CPU
		{8E3B5A2C-4F9D-4B6A-C72E-0A1F3B5D7C9E}.Release|x64.Build.0 = Release|Any CPU
		{8E3B5A2C-4F9D-4B6A-C72E-0A1F3B5D7C9E}.Release|x86.ActiveCfg = Release|Any CPU
		{8E3B5A2C-4F9D-4B6A-C72E-0A1F3B5D7C9E}.Release|x86.Build.0 = Release|Any CPU
	EndGlobalSection
	GlobalSection(SolutionProperties) = preSolution
		HideSolutionNode = FALSE
	EndGlobalSection
	GlobalSection(NestedProjects) = preSolution
		{A7B3E5D1-9C2F-4E8B-8D4A-1F3C9B7E5A22} = {1A2B3C4D-0001-4E5F-8A9B-000000000001}
		{B8C4F6E2-0D3A-5F9C-9E5B-2A4D0C8F6B33} = {1A2B3C4D-0001-4E5F-8A9B-000000000001}
		{D1A6B4C2-3E5F-7A8B-9C0D-1E2F3A4B5C6D} = {1A2B3C4D-0001-4E5F-8A9B-000000000001}
		{C9D5A7F3-1E4B-6A0D-0F6C-3B5E1D9A7C44} = {1A2B3C4D-0002-4E5F-8A9B-000000000002}
		{E2B7C4D8-5A1F-4C3E-9B62-7D8A1E4F2C51} = {1A2B3C4D-0002-4E5F-8A9B-000000000002}
		{F3C8D5E9-6B2A-4D4F-8C73-8E9B2F5A3D62} = {1A2B3C4D-0002-4E5F-8A9B-000000000002}
		{A4D9E6FA-7C3B-4E5A-9D84-9FAC3A6B4E73} = {1A2B3C4D-0002-4E5F-8A9B-000000000002}
		{B5E0F70B-8D4C-4F6B-AE95-A0BD4B7C5F84} = {1A2B3C4D-0002-4E5F-8A9B-000000000002}
		{0E264984-3809-4086-9C57-7567D84B6925} = {1A2B3C4D-0002-4E5F-8A9B-000000000002}
		{9C6A52C5-F6E4-4101-B104-90234509D448} = {1A2B3C4D-0004-4E5F-8A9B-000000000004}
		{E50C4FA7-9D47-4BC6-98B1-8FC082C36F4F} = {0AB3BF05-4346-4AA6-1389-037BE0695223}
		{3F1A7C52-6E8B-4D2A-9F31-8B5E7C9A1D42} = {1A2B3C4D-0003-4E5F-8A9B-000000000003}
		{4A2B8D63-7F9C-4E3B-8A42-9C6F8D1B2E53} = {1A2B3C4D-0003-4E5F-8A9B-000000000003}
		{5B3C9E74-8A1D-4F4C-9B53-AD7F9E2C3F64} = {1A2B3C4D-0003-4E5F-8A9B-000000000003}
		{6C4DAF85-9B2E-4A5D-8C64-BE8A1F3D4A75} = {0AB3BF05-4346-4AA6-1389-037BE0695223}
		{9A61D47B-2C1E-4F73-9B0C-16A5D8E2F341} = {1A2B3C4D-0002-4E5F-8A9B-000000000002}
		{A7B34C21-6E92-4D85-8F10-3B5C7E9A2D64} = {0AB3BF05-4346-4AA6-1389-037BE0695223}
		{B2C85E73-1A46-4F90-9D31-7E5A2C6B8F04} = {1A2B3C4D-0002-4E5F-8A9B-000000000002}
		{7D2A4F1B-3E8C-4A59-B61D-9F0E2A4C6B8D} = {1A2B3C4D-0002-4E5F-8A9B-000000000002}
		{8E3B5A2C-4F9D-4B6A-C72E-0A1F3B5D7C9E} = {0AB3BF05-4346-4AA6-1389-037BE0695223}
	EndGlobalSection
	GlobalSection(ExtensibilityGlobals) = postSolution
		SolutionGuid = {9688F0BC-2A2B-4E95-979C-7BB5322523E6}
	EndGlobalSection
EndGlobal
